// !$*UTF8*$!
{
	archiveVersion = 1;
	classes = {
	};
	objectVersion = 46;
	objects = {

/* Begin PBXBuildFile section */
		436F69301D07274700763A9E /* AppDelegate.swift in Sources */ = {isa = PBXBuildFile; fileRef = 436F692F1D07274700763A9E /* AppDelegate.swift */; };
		436F69321D07274700763A9E /* MasterViewController.swift in Sources */ = {isa = PBXBuildFile; fileRef = 436F69311D07274700763A9E /* MasterViewController.swift */; };
		436F69341D07274700763A9E /* DetailViewController.swift in Sources */ = {isa = PBXBuildFile; fileRef = 436F69331D07274700763A9E /* DetailViewController.swift */; };
		436F69371D07274700763A9E /* Main.storyboard in Resources */ = {isa = PBXBuildFile; fileRef = 436F69351D07274700763A9E /* Main.storyboard */; };
		436F69391D07274700763A9E /* Assets.xcassets in Resources */ = {isa = PBXBuildFile; fileRef = 436F69381D07274700763A9E /* Assets.xcassets */; };
		436F693C1D07274700763A9E /* LaunchScreen.storyboard in Resources */ = {isa = PBXBuildFile; fileRef = 436F693A1D07274700763A9E /* LaunchScreen.storyboard */; };
		436F69441D0729BC00763A9E /* CustomTVC.swift in Sources */ = {isa = PBXBuildFile; fileRef = 436F69431D0729BC00763A9E /* CustomTVC.swift */; };
		436F69481D0740BF00763A9E /* iOS-W6-Design-Assets in Resources */ = {isa = PBXBuildFile; fileRef = 436F69471D0740BF00763A9E /* iOS-W6-Design-Assets */; };
		436F694B1D07427300763A9E /* bg-header.jpg in Resources */ = {isa = PBXBuildFile; fileRef = 436F694A1D07427300763A9E /* bg-header.jpg */; };
/* End PBXBuildFile section */

/* Begin PBXFileReference section */
		436F692C1D07274700763A9E /* Stretch My Header.app */ = {isa = PBXFileReference; explicitFileType = wrapper.application; includeInIndex = 0; path = "Stretch My Header.app"; sourceTree = BUILT_PRODUCTS_DIR; };
		436F692F1D07274700763A9E /* AppDelegate.swift */ = {isa = PBXFileReference; lastKnownFileType = sourcecode.swift; path = AppDelegate.swift; sourceTree = "<group>"; };
		436F69311D07274700763A9E /* MasterViewController.swift */ = {isa = PBXFileReference; lastKnownFileType = sourcecode.swift; path = MasterViewController.swift; sourceTree = "<group>"; };
		436F69331D07274700763A9E /* DetailViewController.swift */ = {isa = PBXFileReference; lastKnownFileType = sourcecode.swift; path = DetailViewController.swift; sourceTree = "<group>"; };
		436F69361D07274700763A9E /* Base */ = {isa = PBXFileReference; lastKnownFileType = file.storyboard; name = Base; path = Base.lproj/Main.storyboard; sourceTree = "<group>"; };
		436F69381D07274700763A9E /* Assets.xcassets */ = {isa = PBXFileReference; lastKnownFileType = folder.assetcatalog; path = Assets.xcassets; sourceTree = "<group>"; };
		436F693B1D07274700763A9E /* Base */ = {isa = PBXFileReference; lastKnownFileType = file.storyboard; name = Base; path = Base.lproj/LaunchScreen.storyboard; sourceTree = "<group>"; };
		436F693D1D07274700763A9E /* Info.plist */ = {isa = PBXFileReference; lastKnownFileType = text.plist.xml; path = Info.plist; sourceTree = "<group>"; };
		436F69431D0729BC00763A9E /* CustomTVC.swift */ = {isa = PBXFileReference; fileEncoding = 4; lastKnownFileType = sourcecode.swift; name = CustomTVC.swift; path = ../CustomTVC.swift; sourceTree = "<group>"; };
		436F69471D0740BF00763A9E /* iOS-W6-Design-Assets */ = {isa = PBXFileReference; lastKnownFileType = folder; path = "iOS-W6-Design-Assets"; sourceTree = "<group>"; };
		436F694A1D07427300763A9E /* bg-header.jpg */ = {isa = PBXFileReference; lastKnownFileType = image.jpeg; name = "bg-header.jpg"; path = "iOS-W6-Design-Assets/Stretchy-Header.xcassets/bg-header.imageset/bg-header.jpg"; sourceTree = "<group>"; };
/* End PBXFileReference section */

/* Begin PBXFrameworksBuildPhase section */
		436F69291D07274700763A9E /* Frameworks */ = {
			isa = PBXFrameworksBuildPhase;
			buildActionMask = 2147483647;
			files = (
			);
			runOnlyForDeploymentPostprocessing = 0;
		};
/* End PBXFrameworksBuildPhase section */

/* Begin PBXGroup section */
		436F69231D07274700763A9E = {
			isa = PBXGroup;
			children = (
				436F692E1D07274700763A9E /* Stretch My Header */,
				436F692D1D07274700763A9E /* Products */,
			);
			sourceTree = "<group>";
		};
		436F692D1D07274700763A9E /* Products */ = {
			isa = PBXGroup;
			children = (
				436F692C1D07274700763A9E /* Stretch My Header.app */,
			);
			name = Products;
			sourceTree = "<group>";
		};
		436F692E1D07274700763A9E /* Stretch My Header */ = {
			isa = PBXGroup;
			children = (
				436F692F1D07274700763A9E /* AppDelegate.swift */,
				436F69311D07274700763A9E /* MasterViewController.swift */,
				436F69331D07274700763A9E /* DetailViewController.swift */,
				436F69431D0729BC00763A9E /* CustomTVC.swift */,
				436F69461D0740B400763A9E /* Images */,
				436F69451D0740A200763A9E /* Storyboard */,
				436F69381D07274700763A9E /* Assets.xcassets */,
				436F693A1D07274700763A9E /* LaunchScreen.storyboard */,
				436F693D1D07274700763A9E /* Info.plist */,
			);
			path = "Stretch My Header";
			sourceTree = "<group>";
		};
		436F69451D0740A200763A9E /* Storyboard */ = {
			isa = PBXGroup;
			children = (
				436F69351D07274700763A9E /* Main.storyboard */,
			);
			name = Storyboard;
			sourceTree = "<group>";
		};
		436F69461D0740B400763A9E /* Images */ = {
			isa = PBXGroup;
			children = (
				436F694A1D07427300763A9E /* bg-header.jpg */,
				436F69471D0740BF00763A9E /* iOS-W6-Design-Assets */,
			);
			name = Images;
			sourceTree = "<group>";
		};
/* End PBXGroup section */

/* Begin PBXNativeTarget section */
		436F692B1D07274700763A9E /* Stretch My Header */ = {
			isa = PBXNativeTarget;
			buildConfigurationList = 436F69401D07274700763A9E /* Build configuration list for PBXNativeTarget "Stretch My Header" */;
			buildPhases = (
				436F69281D07274700763A9E /* Sources */,
				436F69291D07274700763A9E /* Frameworks */,
				436F692A1D07274700763A9E /* Resources */,
			);
			buildRules = (
			);
			dependencies = (
			);
			name = "Stretch My Header";
			productName = "Stretch My Header";
			productReference = 436F692C1D07274700763A9E /* Stretch My Header.app */;
			productType = "com.apple.product-type.application";
		};
/* End PBXNativeTarget section */

/* Begin PBXProject section */
		436F69241D07274700763A9E /* Project object */ = {
			isa = PBXProject;
			attributes = {
				LastSwiftUpdateCheck = 0730;
				LastUpgradeCheck = 0730;
				ORGANIZATIONNAME = "Anthony Coelho";
				TargetAttributes = {
					436F692B1D07274700763A9E = {
						CreatedOnToolsVersion = 7.3.1;
					};
				};
			};
			buildConfigurationList = 436F69271D07274700763A9E /* Build configuration list for PBXProject "Stretch My Header" */;
			compatibilityVersion = "Xcode 3.2";
			developmentRegion = English;
			hasScannedForEncodings = 0;
			knownRegions = (
				en,
				Base,
			);
			mainGroup = 436F69231D07274700763A9E;
			productRefGroup = 436F692D1D07274700763A9E /* Products */;
			projectDirPath = "";
			projectRoot = "";
			targets = (
				436F692B1D07274700763A9E /* Stretch My Header */,
			);
		};
/* End PBXProject section */

/* Begin PBXResourcesBuildPhase section */
		436F692A1D07274700763A9E /* Resources */ = {
			isa = PBXResourcesBuildPhase;
			buildActionMask = 2147483647;
			files = (
				436F69481D0740BF00763A9E /* iOS-W6-Design-Assets in Resources */,
				436F693C1D07274700763A9E /* LaunchScreen.storyboard in Resources */,
				436F69391D07274700763A9E /* Assets.xcassets in Resources */,
				436F694B1D07427300763A9E /* bg-header.jpg in Resources */,
				436F69371D07274700763A9E /* Main.storyboard in Resources */,
			);
			runOnlyForDeploymentPostprocessing = 0;
		};
/* End PBXResourcesBuildPhase section */

/* Begin PBXSourcesBuildPhase section */
		436F69281D07274700763A9E /* Sources */ = {
			isa = PBXSourcesBuildPhase;
			buildActionMask = 2147483647;
			files = (
				436F69341D07274700763A9E /* DetailViewController.swift in Sources */,
				436F69321D07274700763A9E /* MasterViewController.swift in Sources */,
				436F69441D0729BC00763A9E /* CustomTVC.swift in Sources */,
				436F69301D07274700763A9E /* AppDelegate.swift in Sources */,
			);
			runOnlyForDeploymentPostprocessing = 0;
		};
/* End PBXSourcesBuildPhase section */

/* Begin PBXVariantGroup section */
		436F69351D07274700763A9E /* Main.storyboard */ = {
			isa = PBXVariantGroup;
			children = (
				436F69361D07274700763A9E /* Base */,
			);
			name = Main.storyboard;
			sourceTree = "<group>";
		};
		436F693A1D07274700763A9E /* LaunchScreen.storyboard */ = {
			isa = PBXVariantGroup;
			children = (
				436F693B1D07274700763A9E /* Base */,
			);
			name = LaunchScreen.storyboard;
			sourceTree = "<group>";
		};
/* End PBXVariantGroup section */

/* Begin XCBuildConfiguration section */
		436F693E1D07274700763A9E /* Debug */ = {
			isa = XCBuildConfiguration;
			buildSettings = {
				ALWAYS_SEARCH_USER_PATHS = NO;
				CLANG_ANALYZER_NONNULL = YES;
				CLANG_CXX_LANGUAGE_STANDARD = "gnu++0x";
				CLANG_CXX_LIBRARY = "libc++";
				CLANG_ENABLE_MODULES = YES;
				CLANG_ENABLE_OBJC_ARC = YES;
				CLANG_WARN_BOOL_CONVERSION = YES;
				CLANG_WARN_CONSTANT_CONVERSION = YES;
				CLANG_WARN_DIRECT_OBJC_ISA_USAGE = YES_ERROR;
				CLANG_WARN_EMPTY_BODY = YES;
				CLANG_WARN_ENUM_CONVERSION = YES;
				CLANG_WARN_INT_CONVERSION = YES;
				CLANG_WARN_OBJC_ROOT_CLASS = YES_ERROR;
				CLANG_WARN_UNREACHABLE_CODE = YES;
				CLANG_WARN__DUPLICATE_METHOD_MATCH = YES;
				"CODE_SIGN_IDENTITY[sdk=iphoneos*]" = "iPhone Developer";
				COPY_PHASE_STRIP = NO;
				DEBUG_INFORMATION_FORMAT = dwarf;
				ENABLE_STRICT_OBJC_MSGSEND = YES;
				ENABLE_TESTABILITY = YES;
				GCC_C_LANGUAGE_STANDARD = gnu99;
				GCC_DYNAMIC_NO_PIC = NO;
				GCC_NO_COMMON_BLOCKS = YES;
				GCC_OPTIMIZATION_LEVEL = 0;
				GCC_PREPROCESSOR_DEFINITIONS = (
					"DEBUG=1",
					"$(inherited)",
				);
				GCC_WARN_64_TO_32_BIT_CONVERSION = YES;
				GCC_WARN_ABOUT_RETURN_TYPE = YES_ERROR;
				GCC_WARN_UNDECLARED_SELECTOR = YES;
				GCC_WARN_UNINITIALIZED_AUTOS = YES_AGGRESSIVE;
				GCC_WARN_UNUSED_FUNCTION = YES;
				GCC_WARN_UNUSED_VARIABLE = YES;
				IPHONEOS_DEPLOYMENT_TARGET = 9.3;
				MTL_ENABLE_DEBUG_INFO = YES;
				ONLY_ACTIVE_ARCH = YES;
				SDKROOT = iphoneos;
				SWIFT_OPTIMIZATION_LEVEL = "-Onone";
				TARGETED_DEVICE_FAMILY = "1,2";
			};
			name = Debug;
		};
		436F693F1D07274700763A9E /* Release */ = {
			isa = XCBuildConfiguration;
			buildSettings = {
				ALWAYS_SEARCH_USER_PATHS = NO;
				CLANG_ANALYZER_NONNULL = YES;
				CLANG_CXX_LANGUAGE_STANDARD = "gnu++0x";
				CLANG_CXX_LIBRARY = "libc++";
				CLANG_ENABLE_MODULES = YES;
				CLANG_ENABLE_OBJC_ARC = YES;
				CLANG_WARN_BOOL_CONVERSION = YES;
				CLANG_WARN_CONSTANT_CONVERSION = YES;
				CLANG_WARN_DIRECT_OBJC_ISA_USAGE = YES_ERROR;
				CLANG_WARN_EMPTY_BODY = YES;
				CLANG_WARN_ENUM_CONVERSION = YES;
				CLANG_WARN_INT_CONVERSION = YES;
				CLANG_WARN_OBJC_ROOT_CLASS = YES_ERROR;
				CLANG_WARN_UNREACHABLE_CODE = YES;
				CLANG_WARN__DUPLICATE_METHOD_MATCH = YES;
				"CODE_SIGN_IDENTITY[sdk=iphoneos*]" = "iPhone Developer";
				COPY_PHASE_STRIP = NO;
				DEBUG_INFORMATION_FORMAT = "dwarf-with-dsym";
				ENABLE_NS_ASSERTIONS = NO;
				ENABLE_STRICT_OBJC_MSGSEND = YES;
				GCC_C_LANGUAGE_STANDARD = gnu99;
				GCC_NO_COMMON_BLOCKS = YES;
				GCC_WARN_64_TO_32_BIT_CONVERSION = YES;
				GCC_WARN_ABOUT_RETURN_TYPE = YES_ERROR;
				GCC_WARN_UNDECLARED_SELECTOR = YES;
				GCC_WARN_UNINITIALIZED_AUTOS = YES_AGGRESSIVE;
				GCC_WARN_UNUSED_FUNCTION = YES;
				GCC_WARN_UNUSED_VARIABLE = YES;
				IPHONEOS_DEPLOYMENT_TARGET = 9.3;
				MTL_ENABLE_DEBUG_INFO = NO;
				SDKROOT = iphoneos;
				TARGETED_DEVICE_FAMILY = "1,2";
				VALIDATE_PRODUCT = YES;
			};
			name = Release;
		};
		436F69411D07274700763A9E /* Debug */ = {
			isa = XCBuildConfiguration;
			buildSettings = {
				ASSETCATALOG_COMPILER_APPICON_NAME = AppIcon;
				INFOPLIST_FILE = "Stretch My Header/Info.plist";
				LD_RUNPATH_SEARCH_PATHS = "$(inherited) @executable_path/Frameworks";
				PRODUCT_BUNDLE_IDENTIFIER = "Vectura.Stretch-My-Header";
				PRODUCT_NAME = "$(TARGET_NAME)";
			};
			name = Debug;
		};
		436F69421D07274700763A9E /* Release */ = {
			isa = XCBuildConfiguration;
			buildSettings = {
				ASSETCATALOG_COMPILER_APPICON_NAME = AppIcon;
				INFOPLIST_FILE = "Stretch My Header/Info.plist";
				LD_RUNPATH_SEARCH_PATHS = "$(inherited) @executable_path/Frameworks";
				PRODUCT_BUNDLE_IDENTIFIER = "Vectura.Stretch-My-Header";
				PRODUCT_NAME = "$(TARGET_NAME)";
			};
			name = Release;
		};
/* End XCBuildConfiguration section */

/* Begin XCConfigurationList section */
		436F69271D07274700763A9E /* Build configuration list for PBXProject "Stretch My Header" */ = {
			isa = XCConfigurationList;
			buildConfigurations = (
				436F693E1D07274700763A9E /* Debug */,
				436F693F1D07274700763A9E /* Release */,
			);
			defaultConfigurationIsVisible = 0;
			defaultConfigurationName = Release;
		};
		436F69401D07274700763A9E /* Build configuration list for PBXNativeTarget "Stretch My Header" */ = {
			isa = XCConfigurationList;
			buildConfigurations = (
				436F69411D07274700763A9E /* Debug */,
				436F69421D07274700763A9E /* Release */,
			);
			defaultConfigurationIsVisible = 0;
		};
/* End XCConfigurationList section */
	};
	rootObject = 436F69241D07274700763A9E /* Project object */;
}
